
Microsoft Visual Studio Solution File, Format Version 12.00
# Visual Studio 15
VisualStudioVersion = 15.0.28307.421
MinimumVisualStudioVersion = 10.0.40219.1
Project("{FAE04EC0-301F-11D3-BF4B-00C04F79EFBC}") = "Arce-Chess", "Arce-Chess\Arce-Chess.csproj", "{9332EB60-B7ED-49C3-AEF4-6D338857B690}"
EndProject
Global
	GlobalSection(SolutionConfigurationPlatforms) = preSolution
		Debug|Any CPU = Debug|Any CPU
		Release|Any CPU = Release|Any CPU
	EndGlobalSection
	GlobalSection(ProjectConfigurationPlatforms) = postSolution
		{9332EB60-B7ED-49C3-AEF4-6D338857B690}.Debug|Any CPU.ActiveCfg = Debug|Any CPU
		{9332EB60-B7ED-49C3-AEF4-6D338857B690}.Debug|Any CPU.Build.0 = Debug|Any CPU
		{9332EB60-B7ED-49C3-AEF4-6D338857B690}.Release|Any CPU.ActiveCfg = Release|Any CPU
		{9332EB60-B7ED-49C3-AEF4-6D338857B690}.Release|Any CPU.Build.0 = Release|Any CPU
	EndGlobalSection
	GlobalSection(SolutionProperties) = preSolution
		HideSolutionNode = FALSE
	EndGlobalSection
	GlobalSection(ExtensibilityGlobals) = postSolution
		SolutionGuid = {DDAB1415-E86D-48A8-B29E-B4AFF1657159}
	EndGlobalSection
EndGlobal
